
Microsoft Visual Studio Solution File, Format Version 12.00
# Visual Studio 15
VisualStudioVersion = 15.0.28307.136
MinimumVisualStudioVersion = 10.0.40219.1
Project("{FAE04EC0-301F-11D3-BF4B-00C04F79EFBC}") = "o!SEAT2 Referee Assistant", "o!SEAT2 Referee Assistant\o!SEAT2 Referee Assistant.csproj", "{C2AAD93E-73CC-47B1-920C-A70F04E1C71E}"
EndProject
Global
	GlobalSection(SolutionConfigurationPlatforms) = preSolution
		Debug|Any CPU = Debug|Any CPU
		Release|Any CPU = Release|Any CPU
	EndGlobalSection
	GlobalSection(ProjectConfigurationPlatforms) = postSolution
		{C2AAD93E-73CC-47B1-920C-A70F04E1C71E}.Debug|Any CPU.ActiveCfg = Debug|Any CPU
		{C2AAD93E-73CC-47B1-920C-A70F04E1C71E}.Debug|Any CPU.Build.0 = Debug|Any CPU
		{C2AAD93E-73CC-47B1-920C-A70F04E1C71E}.Release|Any CPU.ActiveCfg = Release|Any CPU
		{C2AAD93E-73CC-47B1-920C-A70F04E1C71E}.Release|Any CPU.Build.0 = Release|Any CPU
	EndGlobalSection
	GlobalSection(SolutionProperties) = preSolution
		HideSolutionNode = FALSE
	EndGlobalSection
	GlobalSection(ExtensibilityGlobals) = postSolution
		SolutionGuid = {4597E377-5CAA-4DCF-A7C4-FD6593818964}
	EndGlobalSection
EndGlobal
